
Microsoft Visual Studio Solution File, Format Version 12.00
# Visual Studio Version 16
VisualStudioVersion = 16.0.810.8
MinimumVisualStudioVersion = 10.0.40219.1
Project("{FAE04EC0-301F-11D3-BF4B-00C04F79EFBC}") = "APIAndAngular", "APIAndAngular\APIAndAngular.csproj", "{4BAAEF74-B55D-4352-BC41-AE7E1729B377}"
EndProject
Global
	GlobalSection(SolutionConfigurationPlatforms) = preSolution
		Debug|Any CPU = Debug|Any CPU
		Release|Any CPU = Release|Any CPU
	EndGlobalSection
	GlobalSection(ProjectConfigurationPlatforms) = postSolution
		{4BAAEF74-B55D-4352-BC41-AE7E1729B377}.Debug|Any CPU.ActiveCfg = Debug|Any CPU
		{4BAAEF74-B55D-4352-BC41-AE7E1729B377}.Debug|Any CPU.Build.0 = Debug|Any CPU
		{4BAAEF74-B55D-4352-BC41-AE7E1729B377}.Release|Any CPU.ActiveCfg = Release|Any CPU
		{4BAAEF74-B55D-4352-BC41-AE7E1729B377}.Release|Any CPU.Build.0 = Release|Any CPU
	EndGlobalSection
	GlobalSection(SolutionProperties) = preSolution
		HideSolutionNode = FALSE
	EndGlobalSection
	GlobalSection(ExtensibilityGlobals) = postSolution
		SolutionGuid = {FB92860A-F07C-49F5-99A8-8CE1687B8A49}
	EndGlobalSection
EndGlobal
